
Microsoft Visual Studio Solution File, Format Version 12.00
# Visual Studio Version 17
VisualStudioVersion = 17.8.34330.188
MinimumVisualStudioVersion = 10.0.40219.1
Project("{9A19103F-16F7-4668-BE54-9A1E7A4F7556}") = "API", "ComputerStore\API.csproj", "{F4ABAC72-E695-4880-B52C-A8BA94FA4AAE}"
EndProject
Project("{9A19103F-16F7-4668-BE54-9A1E7A4F7556}") = "Application", "ComputerStore.Application\Application.csproj", "{1F2B4BCA-6F22-40BC-B2F5-0658021C1BE1}"
EndProject
Project("{9A19103F-16F7-4668-BE54-9A1E7A4F7556}") = "Domain", "ComputerStore.Domain\Domain.csproj", "{78C6EC3E-6014-4D99-A895-972D886A7ED5}"
EndProject
Project("{9A19103F-16F7-4668-BE54-9A1E7A4F7556}") = "Infrastructure", "ComputerStore.Infrastructure\Infrastructure.csproj", "{9381EE4C-8BCB-40E2-A3DB-0AB390E19A9A}"
EndProject
Project("{FAE04EC0-301F-11D3-BF4B-00C04F79EFBC}") = "UnitTest", "UnitTest\UnitTest.csproj", "{63246B78-7E3F-4392-9EB0-FEA22FAA6DD4}"
EndProject
Global
	GlobalSection(SolutionConfigurationPlatforms) = preSolution
		Debug|Any CPU = Debug|Any CPU
		Release|Any CPU = Release|Any CPU
	EndGlobalSection
	GlobalSection(ProjectConfigurationPlatforms) = postSolution
		{F4ABAC72-E695-4880-B52C-A8BA94FA4AAE}.Debug|Any CPU.ActiveCfg = Debug|Any CPU
		{F4ABAC72-E695-4880-B52C-A8BA94FA4AAE}.Debug|Any CPU.Build.0 = Debug|Any CPU
		{F4ABAC72-E695-4880-B52C-A8BA94FA4AAE}.Release|Any CPU.ActiveCfg = Release|Any CPU
		{F4ABAC72-E695-4880-B52C-A8BA94FA4AAE}.Release|Any CPU.Build.0 = Release|Any CPU
		{1F2B4BCA-6F22-40BC-B2F5-0658021C1BE1}.Debug|Any CPU.ActiveCfg = Debug|Any CPU
		{1F2B4BCA-6F22-40BC-B2F5-0658021C1BE1}.Debug|Any CPU.Build.0 = Debug|Any CPU
		{1F2B4BCA-6F22-40BC-B2F5-0658021C1BE1}.Release|Any CPU.ActiveCfg = Release|Any CPU
		{1F2B4BCA-6F22-40BC-B2F5-0658021C1BE1}.Release|Any CPU.Build.0 = Release|Any CPU
		{78C6EC3E-6014-4D99-A895-972D886A7ED5}.Debug|Any CPU.ActiveCfg = Debug|Any CPU
		{78C6EC3E-6014-4D99-A895-972D886A7ED5}.Debug|Any CPU.Build.0 = Debug|Any CPU
		{78C6EC3E-6014-4D99-A895-972D886A7ED5}.Release|Any CPU.ActiveCfg = Release|Any CPU
		{78C6EC3E-6014-4D99-A895-972D886A7ED5}.Release|Any CPU.Build.0 = Release|Any CPU
		{9381EE4C-8BCB-40E2-A3DB-0AB390E19A9A}.Debug|Any CPU.ActiveCfg = Debug|Any CPU
		{9381EE4C-8BCB-40E2-A3DB-0AB390E19A9A}.Debug|Any CPU.Build.0 = Debug|Any CPU
		{9381EE4C-8BCB-40E2-A3DB-0AB390E19A9A}.Release|Any CPU.ActiveCfg = Release|Any CPU
		{9381EE4C-8BCB-40E2-A3DB-0AB390E19A9A}.Release|Any CPU.Build.0 = Release|Any CPU
		{63246B78-7E3F-4392-9EB0-FEA22FAA6DD4}.Debug|Any CPU.ActiveCfg = Debug|Any CPU
		{63246B78-7E3F-4392-9EB0-FEA22FAA6DD4}.Debug|Any CPU.Build.0 = Debug|Any CPU
		{63246B78-7E3F-4392-9EB0-FEA22FAA6DD4}.Release|Any CPU.ActiveCfg = Release|Any CPU
		{63246B78-7E3F-4392-9EB0-FEA22FAA6DD4}.Release|Any CPU.Build.0 = Release|Any CPU
	EndGlobalSection
	GlobalSection(SolutionProperties) = preSolution
		HideSolutionNode = FALSE
	EndGlobalSection
	GlobalSection(ExtensibilityGlobals) = postSolution
		SolutionGuid = {FC1A35B4-6CFE-4C26-88D4-05978ACBE4C9}
	EndGlobalSection
EndGlobal
